
Microsoft Visual Studio Solution File, Format Version 12.00
# Visual Studio 15
VisualStudioVersion = 15.0.26730.15
MinimumVisualStudioVersion = 10.0.40219.1
Project("{FAE04EC0-301F-11D3-BF4B-00C04F79EFBC}") = "NorthwindWeb", "NorthwindWeb\NorthwindWeb.csproj", "{C733413C-2E55-4A09-A06C-01AA3F749A83}"
EndProject
Project("{FAE04EC0-301F-11D3-BF4B-00C04F79EFBC}") = "GettingStartedHost", "GettingStartedHost\GettingStartedHost.csproj", "{D50A92F8-5EBD-457F-AB34-1AB27522B3EE}"
EndProject
Project("{FAE04EC0-301F-11D3-BF4B-00C04F79EFBC}") = "GettingStartedLib", "GettingStartedLib\GettingStartedLib.csproj", "{15B3E0D2-6217-493A-A690-158C497F5318}"
EndProject
Project("{FAE04EC0-301F-11D3-BF4B-00C04F79EFBC}") = "Calc_switch", "Calc_switch\Calc_switch.csproj", "{03AA1093-636E-45EE-841C-17C5F1B3E105}"
EndProject
Project("{FAE04EC0-301F-11D3-BF4B-00C04F79EFBC}") = "NorthwindClient", "NorthwindClient\NorthwindClient.csproj", "{140BC58F-C58A-44C8-94D4-CD17D5B6DE53}"
EndProject
Global
	GlobalSection(SolutionConfigurationPlatforms) = preSolution
		Debug|Any CPU = Debug|Any CPU
		Release|Any CPU = Release|Any CPU
	EndGlobalSection
	GlobalSection(ProjectConfigurationPlatforms) = postSolution
		{C733413C-2E55-4A09-A06C-01AA3F749A83}.Debug|Any CPU.ActiveCfg = Debug|Any CPU
		{C733413C-2E55-4A09-A06C-01AA3F749A83}.Debug|Any CPU.Build.0 = Debug|Any CPU
		{C733413C-2E55-4A09-A06C-01AA3F749A83}.Release|Any CPU.ActiveCfg = Release|Any CPU
		{C733413C-2E55-4A09-A06C-01AA3F749A83}.Release|Any CPU.Build.0 = Release|Any CPU
		{D50A92F8-5EBD-457F-AB34-1AB27522B3EE}.Debug|Any CPU.ActiveCfg = Debug|Any CPU
		{D50A92F8-5EBD-457F-AB34-1AB27522B3EE}.Debug|Any CPU.Build.0 = Debug|Any CPU
		{D50A92F8-5EBD-457F-AB34-1AB27522B3EE}.Release|Any CPU.ActiveCfg = Release|Any CPU
		{D50A92F8-5EBD-457F-AB34-1AB27522B3EE}.Release|Any CPU.Build.0 = Release|Any CPU
		{15B3E0D2-6217-493A-A690-158C497F5318}.Debug|Any CPU.ActiveCfg = Debug|Any CPU
		{15B3E0D2-6217-493A-A690-158C497F5318}.Debug|Any CPU.Build.0 = Debug|Any CPU
		{15B3E0D2-6217-493A-A690-158C497F5318}.Release|Any CPU.ActiveCfg = Release|Any CPU
		{15B3E0D2-6217-493A-A690-158C497F5318}.Release|Any CPU.Build.0 = Release|Any CPU
		{03AA1093-636E-45EE-841C-17C5F1B3E105}.Debug|Any CPU.ActiveCfg = Debug|Any CPU
		{03AA1093-636E-45EE-841C-17C5F1B3E105}.Debug|Any CPU.Build.0 = Debug|Any CPU
		{03AA1093-636E-45EE-841C-17C5F1B3E105}.Release|Any CPU.ActiveCfg = Release|Any CPU
		{03AA1093-636E-45EE-841C-17C5F1B3E105}.Release|Any CPU.Build.0 = Release|Any CPU
		{140BC58F-C58A-44C8-94D4-CD17D5B6DE53}.Debug|Any CPU.ActiveCfg = Debug|Any CPU
		{140BC58F-C58A-44C8-94D4-CD17D5B6DE53}.Debug|Any CPU.Build.0 = Debug|Any CPU
		{140BC58F-C58A-44C8-94D4-CD17D5B6DE53}.Release|Any CPU.ActiveCfg = Release|Any CPU
		{140BC58F-C58A-44C8-94D4-CD17D5B6DE53}.Release|Any CPU.Build.0 = Release|Any CPU
	EndGlobalSection
	GlobalSection(SolutionProperties) = preSolution
		HideSolutionNode = FALSE
	EndGlobalSection
	GlobalSection(ExtensibilityGlobals) = postSolution
		SolutionGuid = {CBAEC12F-E379-4441-81D9-A399353B6D6B}
	EndGlobalSection
EndGlobal
